// !$*UTF8*$!
{
	archiveVersion = 1;
	classes = {
	};
	objectVersion = 46;
	objects = {

/* Begin PBXBuildFile section */
		0A5199E91C66DA1F00A39B69 /* MyGroupsViewController.swift in Sources */ = {isa = PBXBuildFile; fileRef = 0A5199E81C66DA1F00A39B69 /* MyGroupsViewController.swift */; };
		0A5199EB1C66DC5A00A39B69 /* Group.swift in Sources */ = {isa = PBXBuildFile; fileRef = 0A5199EA1C66DC5A00A39B69 /* Group.swift */; };
		0A5199ED1C671FB200A39B69 /* Credit.swift in Sources */ = {isa = PBXBuildFile; fileRef = 0A5199EC1C671FB200A39B69 /* Credit.swift */; };
		0A5199F31C67224500A39B69 /* GroupTableViewController.swift in Sources */ = {isa = PBXBuildFile; fileRef = 0A5199F21C67224500A39B69 /* GroupTableViewController.swift */; };
		0A5199F51C69EDF400A39B69 /* CreditTransactionsTableViewController.swift in Sources */ = {isa = PBXBuildFile; fileRef = 0A5199F41C69EDF400A39B69 /* CreditTransactionsTableViewController.swift */; };
		0A5199F71C69EFF100A39B69 /* Transaction.swift in Sources */ = {isa = PBXBuildFile; fileRef = 0A5199F61C69EFF100A39B69 /* Transaction.swift */; };
		0A5199F91C69FE4300A39B69 /* sunset.jpg in Resources */ = {isa = PBXBuildFile; fileRef = 0A5199F81C69FE4300A39B69 /* sunset.jpg */; };
		0A5199FB1C6A105D00A39B69 /* receipt.jpg in Resources */ = {isa = PBXBuildFile; fileRef = 0A5199FA1C6A105D00A39B69 /* receipt.jpg */; };
		0A829E771C7AB1D200AAAF06 /* ReimbursementsViewController.swift in Sources */ = {isa = PBXBuildFile; fileRef = 0A829E761C7AB1D200AAAF06 /* ReimbursementsViewController.swift */; };
		0A829E791C7AB8A300AAAF06 /* Approval.swift in Sources */ = {isa = PBXBuildFile; fileRef = 0A829E781C7AB8A300AAAF06 /* Approval.swift */; };
		0A829E7B1C83ECE600AAAF06 /* Organization.swift in Sources */ = {isa = PBXBuildFile; fileRef = 0A829E7A1C83ECE600AAAF06 /* Organization.swift */; };
		0A829E7D1C83F32300AAAF06 /* SelectOrganizationViewController.swift in Sources */ = {isa = PBXBuildFile; fileRef = 0A829E7C1C83F32300AAAF06 /* SelectOrganizationViewController.swift */; };
		0A829E7F1C84499500AAAF06 /* ApprovalTableViewCell.swift in Sources */ = {isa = PBXBuildFile; fileRef = 0A829E7E1C84499500AAAF06 /* ApprovalTableViewCell.swift */; };
		0A90199E1C729A1600FBE2D2 /* CreditLineTableViewCell.swift in Sources */ = {isa = PBXBuildFile; fileRef = 0A90199D1C729A1600FBE2D2 /* CreditLineTableViewCell.swift */; };
		0AE1B43E1C5EC86400CCCC81 /* Alamofire.framework in Frameworks */ = {isa = PBXBuildFile; fileRef = 0AE1B43C1C5EC86400CCCC81 /* Alamofire.framework */; };
		0AE1B43F1C5EC86400CCCC81 /* SwiftyJSON.framework in Frameworks */ = {isa = PBXBuildFile; fileRef = 0AE1B43D1C5EC86400CCCC81 /* SwiftyJSON.framework */; };
		0AE1B4401C5EC87000CCCC81 /* Alamofire.framework in CopyFiles */ = {isa = PBXBuildFile; fileRef = 0AE1B43C1C5EC86400CCCC81 /* Alamofire.framework */; settings = {ATTRIBUTES = (CodeSignOnCopy, RemoveHeadersOnCopy, ); }; };
		0AE1B4411C5EC87000CCCC81 /* SwiftyJSON.framework in CopyFiles */ = {isa = PBXBuildFile; fileRef = 0AE1B43D1C5EC86400CCCC81 /* SwiftyJSON.framework */; settings = {ATTRIBUTES = (CodeSignOnCopy, RemoveHeadersOnCopy, ); }; };
		0AE1B4431C5EC8A700CCCC81 /* API.swift in Sources */ = {isa = PBXBuildFile; fileRef = 0AE1B4421C5EC8A700CCCC81 /* API.swift */; };
		0AE1B4451C5EE9E200CCCC81 /* Error.swift in Sources */ = {isa = PBXBuildFile; fileRef = 0AE1B4441C5EE9E200CCCC81 /* Error.swift */; };
		0AE1B4471C5FEF4500CCCC81 /* LoginViewController.swift in Sources */ = {isa = PBXBuildFile; fileRef = 0AE1B4461C5FEF4500CCCC81 /* LoginViewController.swift */; };
		0AE1B4491C5FF36800CCCC81 /* User.swift in Sources */ = {isa = PBXBuildFile; fileRef = 0AE1B4481C5FF36800CCCC81 /* User.swift */; };
		0AE1B4531C64004600CCCC81 /* GroupViewController.swift in Sources */ = {isa = PBXBuildFile; fileRef = 0AE1B4521C64004600CCCC81 /* GroupViewController.swift */; };
		0AE1B4551C6406B900CCCC81 /* GroupsNavigationController.swift in Sources */ = {isa = PBXBuildFile; fileRef = 0AE1B4541C6406B900CCCC81 /* GroupsNavigationController.swift */; };
		0AE1B4571C64115F00CCCC81 /* ReimbursementViewController.swift in Sources */ = {isa = PBXBuildFile; fileRef = 0AE1B4561C64115F00CCCC81 /* ReimbursementViewController.swift */; };
		C12366A41C83B63600D8DFF8 /* UserCreateViewController.swift in Sources */ = {isa = PBXBuildFile; fileRef = C12366A31C83B63600D8DFF8 /* UserCreateViewController.swift */; };
		C147F3E11C4C546800D670A8 /* AppDelegate.swift in Sources */ = {isa = PBXBuildFile; fileRef = C147F3E01C4C546800D670A8 /* AppDelegate.swift */; };
		C147F3E31C4C546800D670A8 /* FirstViewController.swift in Sources */ = {isa = PBXBuildFile; fileRef = C147F3E21C4C546800D670A8 /* FirstViewController.swift */; };
		C147F3E51C4C546800D670A8 /* SecondViewController.swift in Sources */ = {isa = PBXBuildFile; fileRef = C147F3E41C4C546800D670A8 /* SecondViewController.swift */; };
		C147F3E81C4C546800D670A8 /* Main.storyboard in Resources */ = {isa = PBXBuildFile; fileRef = C147F3E61C4C546800D670A8 /* Main.storyboard */; };
		C147F3EA1C4C546800D670A8 /* Assets.xcassets in Resources */ = {isa = PBXBuildFile; fileRef = C147F3E91C4C546800D670A8 /* Assets.xcassets */; };
		C147F3ED1C4C546800D670A8 /* LaunchScreen.storyboard in Resources */ = {isa = PBXBuildFile; fileRef = C147F3EB1C4C546800D670A8 /* LaunchScreen.storyboard */; };
		C147F3F81C4C546900D670A8 /* trickleTests.swift in Sources */ = {isa = PBXBuildFile; fileRef = C147F3F71C4C546900D670A8 /* trickleTests.swift */; };
		C147F4031C4C546900D670A8 /* trickleUITests.swift in Sources */ = {isa = PBXBuildFile; fileRef = C147F4021C4C546900D670A8 /* trickleUITests.swift */; };
/* End PBXBuildFile section */

/* Begin PBXContainerItemProxy section */
		C147F3F41C4C546900D670A8 /* PBXContainerItemProxy */ = {
			isa = PBXContainerItemProxy;
			containerPortal = C147F3D51C4C546800D670A8 /* Project object */;
			proxyType = 1;
			remoteGlobalIDString = C147F3DC1C4C546800D670A8;
			remoteInfo = trickle;
		};
		C147F3FF1C4C546900D670A8 /* PBXContainerItemProxy */ = {
			isa = PBXContainerItemProxy;
			containerPortal = C147F3D51C4C546800D670A8 /* Project object */;
			proxyType = 1;
			remoteGlobalIDString = C147F3DC1C4C546800D670A8;
			remoteInfo = trickle;
		};
/* End PBXContainerItemProxy section */

/* Begin PBXCopyFilesBuildPhase section */
		0AE1B4341C5EC66B00CCCC81 /* CopyFiles */ = {
			isa = PBXCopyFilesBuildPhase;
			buildActionMask = 2147483647;
			dstPath = "";
			dstSubfolderSpec = 10;
			files = (
				0AE1B4401C5EC87000CCCC81 /* Alamofire.framework in CopyFiles */,
				0AE1B4411C5EC87000CCCC81 /* SwiftyJSON.framework in CopyFiles */,
			);
			runOnlyForDeploymentPostprocessing = 0;
		};
/* End PBXCopyFilesBuildPhase section */

/* Begin PBXFileReference section */
		0A5199E81C66DA1F00A39B69 /* MyGroupsViewController.swift */ = {isa = PBXFileReference; fileEncoding = 4; lastKnownFileType = sourcecode.swift; name = MyGroupsViewController.swift; path = ../MyGroupsViewController.swift; sourceTree = "<group>"; };
		0A5199EA1C66DC5A00A39B69 /* Group.swift */ = {isa = PBXFileReference; fileEncoding = 4; lastKnownFileType = sourcecode.swift; path = Group.swift; sourceTree = "<group>"; };
		0A5199EC1C671FB200A39B69 /* Credit.swift */ = {isa = PBXFileReference; fileEncoding = 4; lastKnownFileType = sourcecode.swift; path = Credit.swift; sourceTree = "<group>"; };
		0A5199F21C67224500A39B69 /* GroupTableViewController.swift */ = {isa = PBXFileReference; fileEncoding = 4; lastKnownFileType = sourcecode.swift; path = GroupTableViewController.swift; sourceTree = "<group>"; };
		0A5199F41C69EDF400A39B69 /* CreditTransactionsTableViewController.swift */ = {isa = PBXFileReference; fileEncoding = 4; lastKnownFileType = sourcecode.swift; path = CreditTransactionsTableViewController.swift; sourceTree = "<group>"; };
		0A5199F61C69EFF100A39B69 /* Transaction.swift */ = {isa = PBXFileReference; fileEncoding = 4; lastKnownFileType = sourcecode.swift; path = Transaction.swift; sourceTree = "<group>"; };
		0A5199F81C69FE4300A39B69 /* sunset.jpg */ = {isa = PBXFileReference; lastKnownFileType = image.jpeg; path = sunset.jpg; sourceTree = "<group>"; };
		0A5199FA1C6A105D00A39B69 /* receipt.jpg */ = {isa = PBXFileReference; lastKnownFileType = image.jpeg; path = receipt.jpg; sourceTree = "<group>"; };
		0A829E761C7AB1D200AAAF06 /* ReimbursementsViewController.swift */ = {isa = PBXFileReference; fileEncoding = 4; lastKnownFileType = sourcecode.swift; path = ReimbursementsViewController.swift; sourceTree = "<group>"; };
		0A829E781C7AB8A300AAAF06 /* Approval.swift */ = {isa = PBXFileReference; fileEncoding = 4; lastKnownFileType = sourcecode.swift; path = Approval.swift; sourceTree = "<group>"; };
		0A829E7A1C83ECE600AAAF06 /* Organization.swift */ = {isa = PBXFileReference; fileEncoding = 4; lastKnownFileType = sourcecode.swift; path = Organization.swift; sourceTree = "<group>"; };
		0A829E7C1C83F32300AAAF06 /* SelectOrganizationViewController.swift */ = {isa = PBXFileReference; fileEncoding = 4; lastKnownFileType = sourcecode.swift; path = SelectOrganizationViewController.swift; sourceTree = "<group>"; };
		0A829E7E1C84499500AAAF06 /* ApprovalTableViewCell.swift */ = {isa = PBXFileReference; fileEncoding = 4; lastKnownFileType = sourcecode.swift; path = ApprovalTableViewCell.swift; sourceTree = "<group>"; };
		0A90199D1C729A1600FBE2D2 /* CreditLineTableViewCell.swift */ = {isa = PBXFileReference; fileEncoding = 4; lastKnownFileType = sourcecode.swift; path = CreditLineTableViewCell.swift; sourceTree = "<group>"; };
		0AE1B43C1C5EC86400CCCC81 /* Alamofire.framework */ = {isa = PBXFileReference; lastKnownFileType = wrapper.framework; name = Alamofire.framework; path = Carthage/Build/iOS/Alamofire.framework; sourceTree = "<group>"; };
		0AE1B43D1C5EC86400CCCC81 /* SwiftyJSON.framework */ = {isa = PBXFileReference; lastKnownFileType = wrapper.framework; name = SwiftyJSON.framework; path = Carthage/Build/iOS/SwiftyJSON.framework; sourceTree = "<group>"; };
		0AE1B4421C5EC8A700CCCC81 /* API.swift */ = {isa = PBXFileReference; fileEncoding = 4; lastKnownFileType = sourcecode.swift; path = API.swift; sourceTree = "<group>"; };
		0AE1B4441C5EE9E200CCCC81 /* Error.swift */ = {isa = PBXFileReference; fileEncoding = 4; lastKnownFileType = sourcecode.swift; path = Error.swift; sourceTree = "<group>"; };
		0AE1B4461C5FEF4500CCCC81 /* LoginViewController.swift */ = {isa = PBXFileReference; fileEncoding = 4; lastKnownFileType = sourcecode.swift; path = LoginViewController.swift; sourceTree = "<group>"; };
		0AE1B4481C5FF36800CCCC81 /* User.swift */ = {isa = PBXFileReference; fileEncoding = 4; lastKnownFileType = sourcecode.swift; path = User.swift; sourceTree = "<group>"; };
		0AE1B4521C64004600CCCC81 /* GroupViewController.swift */ = {isa = PBXFileReference; fileEncoding = 4; lastKnownFileType = sourcecode.swift; path = GroupViewController.swift; sourceTree = "<group>"; };
		0AE1B4541C6406B900CCCC81 /* GroupsNavigationController.swift */ = {isa = PBXFileReference; fileEncoding = 4; lastKnownFileType = sourcecode.swift; path = GroupsNavigationController.swift; sourceTree = "<group>"; };
		0AE1B4561C64115F00CCCC81 /* ReimbursementViewController.swift */ = {isa = PBXFileReference; fileEncoding = 4; lastKnownFileType = sourcecode.swift; path = ReimbursementViewController.swift; sourceTree = "<group>"; };
		C12366A31C83B63600D8DFF8 /* UserCreateViewController.swift */ = {isa = PBXFileReference; fileEncoding = 4; lastKnownFileType = sourcecode.swift; path = UserCreateViewController.swift; sourceTree = "<group>"; };
		C147F3DD1C4C546800D670A8 /* trickle.app */ = {isa = PBXFileReference; explicitFileType = wrapper.application; includeInIndex = 0; path = trickle.app; sourceTree = BUILT_PRODUCTS_DIR; };
		C147F3E01C4C546800D670A8 /* AppDelegate.swift */ = {isa = PBXFileReference; lastKnownFileType = sourcecode.swift; path = AppDelegate.swift; sourceTree = "<group>"; };
		C147F3E21C4C546800D670A8 /* FirstViewController.swift */ = {isa = PBXFileReference; lastKnownFileType = sourcecode.swift; path = FirstViewController.swift; sourceTree = "<group>"; };
		C147F3E41C4C546800D670A8 /* SecondViewController.swift */ = {isa = PBXFileReference; lastKnownFileType = sourcecode.swift; path = SecondViewController.swift; sourceTree = "<group>"; };
		C147F3E71C4C546800D670A8 /* Base */ = {isa = PBXFileReference; lastKnownFileType = file.storyboard; name = Base; path = Base.lproj/Main.storyboard; sourceTree = "<group>"; };
		C147F3E91C4C546800D670A8 /* Assets.xcassets */ = {isa = PBXFileReference; lastKnownFileType = folder.assetcatalog; path = Assets.xcassets; sourceTree = "<group>"; };
		C147F3EC1C4C546800D670A8 /* Base */ = {isa = PBXFileReference; lastKnownFileType = file.storyboard; name = Base; path = Base.lproj/LaunchScreen.storyboard; sourceTree = "<group>"; };
		C147F3EE1C4C546800D670A8 /* Info.plist */ = {isa = PBXFileReference; lastKnownFileType = text.plist.xml; path = Info.plist; sourceTree = "<group>"; };
		C147F3F31C4C546900D670A8 /* trickleTests.xctest */ = {isa = PBXFileReference; explicitFileType = wrapper.cfbundle; includeInIndex = 0; path = trickleTests.xctest; sourceTree = BUILT_PRODUCTS_DIR; };
		C147F3F71C4C546900D670A8 /* trickleTests.swift */ = {isa = PBXFileReference; lastKnownFileType = sourcecode.swift; path = trickleTests.swift; sourceTree = "<group>"; };
		C147F3F91C4C546900D670A8 /* Info.plist */ = {isa = PBXFileReference; lastKnownFileType = text.plist.xml; path = Info.plist; sourceTree = "<group>"; };
		C147F3FE1C4C546900D670A8 /* trickleUITests.xctest */ = {isa = PBXFileReference; explicitFileType = wrapper.cfbundle; includeInIndex = 0; path = trickleUITests.xctest; sourceTree = BUILT_PRODUCTS_DIR; };
		C147F4021C4C546900D670A8 /* trickleUITests.swift */ = {isa = PBXFileReference; lastKnownFileType = sourcecode.swift; path = trickleUITests.swift; sourceTree = "<group>"; };
		C147F4041C4C546900D670A8 /* Info.plist */ = {isa = PBXFileReference; lastKnownFileType = text.plist.xml; path = Info.plist; sourceTree = "<group>"; };
/* End PBXFileReference section */

/* Begin PBXFrameworksBuildPhase section */
		C147F3DA1C4C546800D670A8 /* Frameworks */ = {
			isa = PBXFrameworksBuildPhase;
			buildActionMask = 2147483647;
			files = (
				0AE1B43F1C5EC86400CCCC81 /* SwiftyJSON.framework in Frameworks */,
				0AE1B43E1C5EC86400CCCC81 /* Alamofire.framework in Frameworks */,
			);
			runOnlyForDeploymentPostprocessing = 0;
		};
		C147F3F01C4C546900D670A8 /* Frameworks */ = {
			isa = PBXFrameworksBuildPhase;
			buildActionMask = 2147483647;
			files = (
			);
			runOnlyForDeploymentPostprocessing = 0;
		};
		C147F3FB1C4C546900D670A8 /* Frameworks */ = {
			isa = PBXFrameworksBuildPhase;
			buildActionMask = 2147483647;
			files = (
			);
			runOnlyForDeploymentPostprocessing = 0;
		};
/* End PBXFrameworksBuildPhase section */

/* Begin PBXGroup section */
		0A2DF2521C5D958A004E36A8 /* lib */ = {
			isa = PBXGroup;
			children = (
			);
			name = lib;
			sourceTree = "<group>";
		};
		C147F3D41C4C546800D670A8 = {
			isa = PBXGroup;
			children = (
				0AE1B43C1C5EC86400CCCC81 /* Alamofire.framework */,
				0AE1B43D1C5EC86400CCCC81 /* SwiftyJSON.framework */,
				C147F3DF1C4C546800D670A8 /* trickle */,
				C147F3F61C4C546900D670A8 /* trickleTests */,
				C147F4011C4C546900D670A8 /* trickleUITests */,
				C147F3DE1C4C546800D670A8 /* Products */,
			);
			sourceTree = "<group>";
		};
		C147F3DE1C4C546800D670A8 /* Products */ = {
			isa = PBXGroup;
			children = (
				C147F3DD1C4C546800D670A8 /* trickle.app */,
				C147F3F31C4C546900D670A8 /* trickleTests.xctest */,
				C147F3FE1C4C546900D670A8 /* trickleUITests.xctest */,
			);
			name = Products;
			sourceTree = "<group>";
		};
		C147F3DF1C4C546800D670A8 /* trickle */ = {
			isa = PBXGroup;
			children = (
				0A5199FA1C6A105D00A39B69 /* receipt.jpg */,
				0A5199F81C69FE4300A39B69 /* sunset.jpg */,
				0A2DF2521C5D958A004E36A8 /* lib */,
				C147F3E01C4C546800D670A8 /* AppDelegate.swift */,
				C147F3E21C4C546800D670A8 /* FirstViewController.swift */,
				C147F3E41C4C546800D670A8 /* SecondViewController.swift */,
				C147F3E61C4C546800D670A8 /* Main.storyboard */,
				C12366A31C83B63600D8DFF8 /* UserCreateViewController.swift */,
				0AE1B4541C6406B900CCCC81 /* GroupsNavigationController.swift */,
				C147F3E91C4C546800D670A8 /* Assets.xcassets */,
				C147F3EB1C4C546800D670A8 /* LaunchScreen.storyboard */,
				C147F3EE1C4C546800D670A8 /* Info.plist */,
				0AE1B4421C5EC8A700CCCC81 /* API.swift */,
				0AE1B4441C5EE9E200CCCC81 /* Error.swift */,
				0AE1B4461C5FEF4500CCCC81 /* LoginViewController.swift */,
				0AE1B4481C5FF36800CCCC81 /* User.swift */,
				0A5199E81C66DA1F00A39B69 /* MyGroupsViewController.swift */,
				0AE1B4521C64004600CCCC81 /* GroupViewController.swift */,
				0AE1B4561C64115F00CCCC81 /* ReimbursementViewController.swift */,
				0A5199EA1C66DC5A00A39B69 /* Group.swift */,
				0A5199EC1C671FB200A39B69 /* Credit.swift */,
				0A5199F21C67224500A39B69 /* GroupTableViewController.swift */,
				0A5199F41C69EDF400A39B69 /* CreditTransactionsTableViewController.swift */,
				0A5199F61C69EFF100A39B69 /* Transaction.swift */,
				0A90199D1C729A1600FBE2D2 /* CreditLineTableViewCell.swift */,
				0A829E761C7AB1D200AAAF06 /* ReimbursementsViewController.swift */,
				0A829E781C7AB8A300AAAF06 /* Approval.swift */,
				0A829E7A1C83ECE600AAAF06 /* Organization.swift */,
				0A829E7C1C83F32300AAAF06 /* SelectOrganizationViewController.swift */,
				0A829E7E1C84499500AAAF06 /* ApprovalTableViewCell.swift */,
			);
			path = trickle;
			sourceTree = "<group>";
		};
		C147F3F61C4C546900D670A8 /* trickleTests */ = {
			isa = PBXGroup;
			children = (
				C147F3F71C4C546900D670A8 /* trickleTests.swift */,
				C147F3F91C4C546900D670A8 /* Info.plist */,
			);
			path = trickleTests;
			sourceTree = "<group>";
		};
		C147F4011C4C546900D670A8 /* trickleUITests */ = {
			isa = PBXGroup;
			children = (
				C147F4021C4C546900D670A8 /* trickleUITests.swift */,
				C147F4041C4C546900D670A8 /* Info.plist */,
			);
			path = trickleUITests;
			sourceTree = "<group>";
		};
/* End PBXGroup section */

/* Begin PBXNativeTarget section */
		C147F3DC1C4C546800D670A8 /* trickle */ = {
			isa = PBXNativeTarget;
			buildConfigurationList = C147F4071C4C546900D670A8 /* Build configuration list for PBXNativeTarget "trickle" */;
			buildPhases = (
				0AE1B4341C5EC66B00CCCC81 /* CopyFiles */,
				C147F3D91C4C546800D670A8 /* Sources */,
				C147F3DA1C4C546800D670A8 /* Frameworks */,
				C147F3DB1C4C546800D670A8 /* Resources */,
			);
			buildRules = (
			);
			dependencies = (
			);
			name = trickle;
			productName = trickle;
			productReference = C147F3DD1C4C546800D670A8 /* trickle.app */;
			productType = "com.apple.product-type.application";
		};
		C147F3F21C4C546900D670A8 /* trickleTests */ = {
			isa = PBXNativeTarget;
			buildConfigurationList = C147F40A1C4C546900D670A8 /* Build configuration list for PBXNativeTarget "trickleTests" */;
			buildPhases = (
				C147F3EF1C4C546900D670A8 /* Sources */,
				C147F3F01C4C546900D670A8 /* Frameworks */,
				C147F3F11C4C546900D670A8 /* Resources */,
			);
			buildRules = (
			);
			dependencies = (
				C147F3F51C4C546900D670A8 /* PBXTargetDependency */,
			);
			name = trickleTests;
			productName = trickleTests;
			productReference = C147F3F31C4C546900D670A8 /* trickleTests.xctest */;
			productType = "com.apple.product-type.bundle.unit-test";
		};
		C147F3FD1C4C546900D670A8 /* trickleUITests */ = {
			isa = PBXNativeTarget;
			buildConfigurationList = C147F40D1C4C546900D670A8 /* Build configuration list for PBXNativeTarget "trickleUITests" */;
			buildPhases = (
				C147F3FA1C4C546900D670A8 /* Sources */,
				C147F3FB1C4C546900D670A8 /* Frameworks */,
				C147F3FC1C4C546900D670A8 /* Resources */,
			);
			buildRules = (
			);
			dependencies = (
				C147F4001C4C546900D670A8 /* PBXTargetDependency */,
			);
			name = trickleUITests;
			productName = trickleUITests;
			productReference = C147F3FE1C4C546900D670A8 /* trickleUITests.xctest */;
			productType = "com.apple.product-type.bundle.ui-testing";
		};
/* End PBXNativeTarget section */

/* Begin PBXProject section */
		C147F3D51C4C546800D670A8 /* Project object */ = {
			isa = PBXProject;
			attributes = {
				LastSwiftUpdateCheck = 0720;
				LastUpgradeCheck = 0720;
				ORGANIZATIONNAME = KAB;
				TargetAttributes = {
					C147F3DC1C4C546800D670A8 = {
						CreatedOnToolsVersion = 7.2;
						DevelopmentTeam = 9ZLK8RSRVN;
					};
					C147F3F21C4C546900D670A8 = {
						CreatedOnToolsVersion = 7.2;
						TestTargetID = C147F3DC1C4C546800D670A8;
					};
					C147F3FD1C4C546900D670A8 = {
						CreatedOnToolsVersion = 7.2;
						TestTargetID = C147F3DC1C4C546800D670A8;
					};
				};
			};
			buildConfigurationList = C147F3D81C4C546800D670A8 /* Build configuration list for PBXProject "trickle" */;
			compatibilityVersion = "Xcode 3.2";
			developmentRegion = English;
			hasScannedForEncodings = 0;
			knownRegions = (
				en,
				Base,
			);
			mainGroup = C147F3D41C4C546800D670A8;
			productRefGroup = C147F3DE1C4C546800D670A8 /* Products */;
			projectDirPath = "";
			projectRoot = "";
			targets = (
				C147F3DC1C4C546800D670A8 /* trickle */,
				C147F3F21C4C546900D670A8 /* trickleTests */,
				C147F3FD1C4C546900D670A8 /* trickleUITests */,
			);
		};
/* End PBXProject section */

/* Begin PBXResourcesBuildPhase section */
		C147F3DB1C4C546800D670A8 /* Resources */ = {
			isa = PBXResourcesBuildPhase;
			buildActionMask = 2147483647;
			files = (
				C147F3ED1C4C546800D670A8 /* LaunchScreen.storyboard in Resources */,
				0A5199FB1C6A105D00A39B69 /* receipt.jpg in Resources */,
				C147F3EA1C4C546800D670A8 /* Assets.xcassets in Resources */,
				C147F3E81C4C546800D670A8 /* Main.storyboard in Resources */,
				0A5199F91C69FE4300A39B69 /* sunset.jpg in Resources */,
			);
			runOnlyForDeploymentPostprocessing = 0;
		};
		C147F3F11C4C546900D670A8 /* Resources */ = {
			isa = PBXResourcesBuildPhase;
			buildActionMask = 2147483647;
			files = (
			);
			runOnlyForDeploymentPostprocessing = 0;
		};
		C147F3FC1C4C546900D670A8 /* Resources */ = {
			isa = PBXResourcesBuildPhase;
			buildActionMask = 2147483647;
			files = (
			);
			runOnlyForDeploymentPostprocessing = 0;
		};
/* End PBXResourcesBuildPhase section */

/* Begin PBXSourcesBuildPhase section */
		C147F3D91C4C546800D670A8 /* Sources */ = {
			isa = PBXSourcesBuildPhase;
			buildActionMask = 2147483647;
			files = (
				0A5199F51C69EDF400A39B69 /* CreditTransactionsTableViewController.swift in Sources */,
				0AE1B4531C64004600CCCC81 /* GroupViewController.swift in Sources */,
				0A829E7F1C84499500AAAF06 /* ApprovalTableViewCell.swift in Sources */,
				0A90199E1C729A1600FBE2D2 /* CreditLineTableViewCell.swift in Sources */,
				0A5199F71C69EFF100A39B69 /* Transaction.swift in Sources */,
				0A829E7B1C83ECE600AAAF06 /* Organization.swift in Sources */,
				0A5199E91C66DA1F00A39B69 /* MyGroupsViewController.swift in Sources */,
				0AE1B4471C5FEF4500CCCC81 /* LoginViewController.swift in Sources */,
				0A5199EB1C66DC5A00A39B69 /* Group.swift in Sources */,
				0A829E791C7AB8A300AAAF06 /* Approval.swift in Sources */,
				0AE1B4551C6406B900CCCC81 /* GroupsNavigationController.swift in Sources */,
				C147F3E51C4C546800D670A8 /* SecondViewController.swift in Sources */,
				C147F3E11C4C546800D670A8 /* AppDelegate.swift in Sources */,
				0A5199F31C67224500A39B69 /* GroupTableViewController.swift in Sources */,
				0AE1B4571C64115F00CCCC81 /* ReimbursementViewController.swift in Sources */,
				0AE1B4431C5EC8A700CCCC81 /* API.swift in Sources */,
				0AE1B4451C5EE9E200CCCC81 /* Error.swift in Sources */,
				0A5199ED1C671FB200A39B69 /* Credit.swift in Sources */,
				0A829E7D1C83F32300AAAF06 /* SelectOrganizationViewController.swift in Sources */,
				0A829E771C7AB1D200AAAF06 /* ReimbursementsViewController.swift in Sources */,
				C147F3E31C4C546800D670A8 /* FirstViewController.swift in Sources */,
				0AE1B4491C5FF36800CCCC81 /* User.swift in Sources */,
				C12366A41C83B63600D8DFF8 /* UserCreateViewController.swift in Sources */,
			);
			runOnlyForDeploymentPostprocessing = 0;
		};
		C147F3EF1C4C546900D670A8 /* Sources */ = {
			isa = PBXSourcesBuildPhase;
			buildActionMask = 2147483647;
			files = (
				C147F3F81C4C546900D670A8 /* trickleTests.swift in Sources */,
			);
			runOnlyForDeploymentPostprocessing = 0;
		};
		C147F3FA1C4C546900D670A8 /* Sources */ = {
			isa = PBXSourcesBuildPhase;
			buildActionMask = 2147483647;
			files = (
				C147F4031C4C546900D670A8 /* trickleUITests.swift in Sources */,
			);
			runOnlyForDeploymentPostprocessing = 0;
		};
/* End PBXSourcesBuildPhase section */

/* Begin PBXTargetDependency section */
		C147F3F51C4C546900D670A8 /* PBXTargetDependency */ = {
			isa = PBXTargetDependency;
			target = C147F3DC1C4C546800D670A8 /* trickle */;
			targetProxy = C147F3F41C4C546900D670A8 /* PBXContainerItemProxy */;
		};
		C147F4001C4C546900D670A8 /* PBXTargetDependency */ = {
			isa = PBXTargetDependency;
			target = C147F3DC1C4C546800D670A8 /* trickle */;
			targetProxy = C147F3FF1C4C546900D670A8 /* PBXContainerItemProxy */;
		};
/* End PBXTargetDependency section */

/* Begin PBXVariantGroup section */
		C147F3E61C4C546800D670A8 /* Main.storyboard */ = {
			isa = PBXVariantGroup;
			children = (
				C147F3E71C4C546800D670A8 /* Base */,
			);
			name = Main.storyboard;
			sourceTree = "<group>";
		};
		C147F3EB1C4C546800D670A8 /* LaunchScreen.storyboard */ = {
			isa = PBXVariantGroup;
			children = (
				C147F3EC1C4C546800D670A8 /* Base */,
			);
			name = LaunchScreen.storyboard;
			sourceTree = "<group>";
		};
/* End PBXVariantGroup section */

/* Begin XCBuildConfiguration section */
		C147F4051C4C546900D670A8 /* Debug */ = {
			isa = XCBuildConfiguration;
			buildSettings = {
				ALWAYS_SEARCH_USER_PATHS = NO;
				CLANG_CXX_LANGUAGE_STANDARD = "gnu++0x";
				CLANG_CXX_LIBRARY = "libc++";
				CLANG_ENABLE_MODULES = YES;
				CLANG_ENABLE_OBJC_ARC = YES;
				CLANG_WARN_BOOL_CONVERSION = YES;
				CLANG_WARN_CONSTANT_CONVERSION = YES;
				CLANG_WARN_DIRECT_OBJC_ISA_USAGE = YES_ERROR;
				CLANG_WARN_EMPTY_BODY = YES;
				CLANG_WARN_ENUM_CONVERSION = YES;
				CLANG_WARN_INT_CONVERSION = YES;
				CLANG_WARN_OBJC_ROOT_CLASS = YES_ERROR;
				CLANG_WARN_UNREACHABLE_CODE = YES;
				CLANG_WARN__DUPLICATE_METHOD_MATCH = YES;
				"CODE_SIGN_IDENTITY[sdk=iphoneos*]" = "iPhone Developer";
				COPY_PHASE_STRIP = NO;
				DEBUG_INFORMATION_FORMAT = dwarf;
				ENABLE_STRICT_OBJC_MSGSEND = YES;
				ENABLE_TESTABILITY = YES;
				GCC_C_LANGUAGE_STANDARD = gnu99;
				GCC_DYNAMIC_NO_PIC = NO;
				GCC_NO_COMMON_BLOCKS = YES;
				GCC_OPTIMIZATION_LEVEL = 0;
				GCC_PREPROCESSOR_DEFINITIONS = (
					"DEBUG=1",
					"$(inherited)",
				);
				GCC_WARN_64_TO_32_BIT_CONVERSION = YES;
				GCC_WARN_ABOUT_RETURN_TYPE = YES_ERROR;
				GCC_WARN_UNDECLARED_SELECTOR = YES;
				GCC_WARN_UNINITIALIZED_AUTOS = YES_AGGRESSIVE;
				GCC_WARN_UNUSED_FUNCTION = YES;
				GCC_WARN_UNUSED_VARIABLE = YES;
				IPHONEOS_DEPLOYMENT_TARGET = 9.2;
				MTL_ENABLE_DEBUG_INFO = YES;
				ONLY_ACTIVE_ARCH = YES;
				SDKROOT = iphoneos;
				SWIFT_OPTIMIZATION_LEVEL = "-Onone";
			};
			name = Debug;
		};
		C147F4061C4C546900D670A8 /* Release */ = {
			isa = XCBuildConfiguration;
			buildSettings = {
				ALWAYS_SEARCH_USER_PATHS = NO;
				CLANG_CXX_LANGUAGE_STANDARD = "gnu++0x";
				CLANG_CXX_LIBRARY = "libc++";
				CLANG_ENABLE_MODULES = YES;
				CLANG_ENABLE_OBJC_ARC = YES;
				CLANG_WARN_BOOL_CONVERSION = YES;
				CLANG_WARN_CONSTANT_CONVERSION = YES;
				CLANG_WARN_DIRECT_OBJC_ISA_USAGE = YES_ERROR;
				CLANG_WARN_EMPTY_BODY = YES;
				CLANG_WARN_ENUM_CONVERSION = YES;
				CLANG_WARN_INT_CONVERSION = YES;
				CLANG_WARN_OBJC_ROOT_CLASS = YES_ERROR;
				CLANG_WARN_UNREACHABLE_CODE = YES;
				CLANG_WARN__DUPLICATE_METHOD_MATCH = YES;
				"CODE_SIGN_IDENTITY[sdk=iphoneos*]" = "iPhone Developer";
				COPY_PHASE_STRIP = NO;
				DEBUG_INFORMATION_FORMAT = "dwarf-with-dsym";
				ENABLE_NS_ASSERTIONS = NO;
				ENABLE_STRICT_OBJC_MSGSEND = YES;
				GCC_C_LANGUAGE_STANDARD = gnu99;
				GCC_NO_COMMON_BLOCKS = YES;
				GCC_WARN_64_TO_32_BIT_CONVERSION = YES;
				GCC_WARN_ABOUT_RETURN_TYPE = YES_ERROR;
				GCC_WARN_UNDECLARED_SELECTOR = YES;
				GCC_WARN_UNINITIALIZED_AUTOS = YES_AGGRESSIVE;
				GCC_WARN_UNUSED_FUNCTION = YES;
				GCC_WARN_UNUSED_VARIABLE = YES;
				IPHONEOS_DEPLOYMENT_TARGET = 9.2;
				MTL_ENABLE_DEBUG_INFO = NO;
				SDKROOT = iphoneos;
				VALIDATE_PRODUCT = YES;
			};
			name = Release;
		};
		C147F4081C4C546900D670A8 /* Debug */ = {
			isa = XCBuildConfiguration;
			buildSettings = {
				ASSETCATALOG_COMPILER_APPICON_NAME = AppIcon;
				CODE_SIGN_IDENTITY = "iPhone Developer";
				"CODE_SIGN_IDENTITY[sdk=iphoneos*]" = "iPhone Developer";
				FRAMEWORK_SEARCH_PATHS = (
					"$(inherited)",
					"$(PROJECT_DIR)/Carthage/Build/Mac",
					"$(PROJECT_DIR)/Carthage/Build/iOS",
				);
				INFOPLIST_FILE = trickle/Info.plist;
				LD_RUNPATH_SEARCH_PATHS = "$(inherited) @executable_path/Frameworks";
				PRODUCT_BUNDLE_IDENTIFIER = com.kab.trickle;
				PRODUCT_NAME = "$(TARGET_NAME)";
				PROVISIONING_PROFILE = "";
			};
			name = Debug;
		};
		C147F4091C4C546900D670A8 /* Release */ = {
			isa = XCBuildConfiguration;
			buildSettings = {
				ASSETCATALOG_COMPILER_APPICON_NAME = AppIcon;
				CODE_SIGN_IDENTITY = "iPhone Developer";
				"CODE_SIGN_IDENTITY[sdk=iphoneos*]" = "iPhone Developer";
				FRAMEWORK_SEARCH_PATHS = (
					"$(inherited)",
					"$(PROJECT_DIR)/Carthage/Build/Mac",
					"$(PROJECT_DIR)/Carthage/Build/iOS",
				);
				INFOPLIST_FILE = trickle/Info.plist;
				LD_RUNPATH_SEARCH_PATHS = "$(inherited) @executable_path/Frameworks";
				PRODUCT_BUNDLE_IDENTIFIER = com.kab.trickle;
				PRODUCT_NAME = "$(TARGET_NAME)";
				PROVISIONING_PROFILE = "";
			};
			name = Release;
		};
		C147F40B1C4C546900D670A8 /* Debug */ = {
			isa = XCBuildConfiguration;
			buildSettings = {
				BUNDLE_LOADER = "$(TEST_HOST)";
				INFOPLIST_FILE = trickleTests/Info.plist;
				LD_RUNPATH_SEARCH_PATHS = "$(inherited) @executable_path/Frameworks @loader_path/Frameworks";
				PRODUCT_BUNDLE_IDENTIFIER = com.kab.trickleTests;
				PRODUCT_NAME = "$(TARGET_NAME)";
				TEST_HOST = "$(BUILT_PRODUCTS_DIR)/trickle.app/trickle";
			};
			name = Debug;
		};
		C147F40C1C4C546900D670A8 /* Release */ = {
			isa = XCBuildConfiguration;
			buildSettings = {
				BUNDLE_LOADER = "$(TEST_HOST)";
				INFOPLIST_FILE = trickleTests/Info.plist;
				LD_RUNPATH_SEARCH_PATHS = "$(inherited) @executable_path/Frameworks @loader_path/Frameworks";
				PRODUCT_BUNDLE_IDENTIFIER = com.kab.trickleTests;
				PRODUCT_NAME = "$(TARGET_NAME)";
				TEST_HOST = "$(BUILT_PRODUCTS_DIR)/trickle.app/trickle";
			};
			name = Release;
		};
		C147F40E1C4C546900D670A8 /* Debug */ = {
			isa = XCBuildConfiguration;
			buildSettings = {
				INFOPLIST_FILE = trickleUITests/Info.plist;
				LD_RUNPATH_SEARCH_PATHS = "$(inherited) @executable_path/Frameworks @loader_path/Frameworks";
				PRODUCT_BUNDLE_IDENTIFIER = com.kab.trickleUITests;
				PRODUCT_NAME = "$(TARGET_NAME)";
				TEST_TARGET_NAME = trickle;
				USES_XCTRUNNER = YES;
			};
			name = Debug;
		};
		C147F40F1C4C546900D670A8 /* Release */ = {
			isa = XCBuildConfiguration;
			buildSettings = {
				INFOPLIST_FILE = trickleUITests/Info.plist;
				LD_RUNPATH_SEARCH_PATHS = "$(inherited) @executable_path/Frameworks @loader_path/Frameworks";
				PRODUCT_BUNDLE_IDENTIFIER = com.kab.trickleUITests;
				PRODUCT_NAME = "$(TARGET_NAME)";
				TEST_TARGET_NAME = trickle;
				USES_XCTRUNNER = YES;
			};
			name = Release;
		};
/* End XCBuildConfiguration section */

/* Begin XCConfigurationList section */
		C147F3D81C4C546800D670A8 /* Build configuration list for PBXProject "trickle" */ = {
			isa = XCConfigurationList;
			buildConfigurations = (
				C147F4051C4C546900D670A8 /* Debug */,
				C147F4061C4C546900D670A8 /* Release */,
			);
			defaultConfigurationIsVisible = 0;
			defaultConfigurationName = Release;
		};
		C147F4071C4C546900D670A8 /* Build configuration list for PBXNativeTarget "trickle" */ = {
			isa = XCConfigurationList;
			buildConfigurations = (
				C147F4081C4C546900D670A8 /* Debug */,
				C147F4091C4C546900D670A8 /* Release */,
			);
			defaultConfigurationIsVisible = 0;
			defaultConfigurationName = Release;
		};
		C147F40A1C4C546900D670A8 /* Build configuration list for PBXNativeTarget "trickleTests" */ = {
			isa = XCConfigurationList;
			buildConfigurations = (
				C147F40B1C4C546900D670A8 /* Debug */,
				C147F40C1C4C546900D670A8 /* Release */,
			);
			defaultConfigurationIsVisible = 0;
			defaultConfigurationName = Release;
		};
		C147F40D1C4C546900D670A8 /* Build configuration list for PBXNativeTarget "trickleUITests" */ = {
			isa = XCConfigurationList;
			buildConfigurations = (
				C147F40E1C4C546900D670A8 /* Debug */,
				C147F40F1C4C546900D670A8 /* Release */,
			);
			defaultConfigurationIsVisible = 0;
			defaultConfigurationName = Release;
		};
/* End XCConfigurationList section */
	};
	rootObject = C147F3D51C4C546800D670A8 /* Project object */;
}
